{
  "name": "@token-web/miniapp",
  "version": "0.0.0",
  "lockfileVersion": 3,
  "requires": true,
  "packages": {
    "": {
      "name": "@token-web/miniapp",
      "version": "0.0.0",
      "dependencies": {
        "@vant/auto-import-resolver": "^1.2.1",
        "less": "^4.2.0",
        "pinia": "^2.2.6",
        "unplugin-auto-import": "^0.18.5",
        "unplugin-vue-components": "^0.27.4",
        "vant": "^4.9.9",
        "vue": "^3.5.12",
        "vue-router": "^4.4.5"
      },
      "devDependencies": {
        "@tsconfig/node22": "^22.0.0",
        "@types/less": "^3.0.7",
        "@types/node": "^22.9.0",
        "@vitejs/plugin-vue": "^5.1.4",
        "@vitejs/plugin-vue-jsx": "^4.0.1",
        "@vue/eslint-config-prettier": "^10.1.0",
        "@vue/eslint-config-typescript": "^14.1.3",
        "@vue/tsconfig": "^0.5.1",
        "eslint": "^9.14.0",
        "eslint-plugin-vue": "^9.30.0",
        "npm-run-all2": "^7.0.1",
        "prettier": "^3.3.3",
        "typescript": "~5.6.3",
        "vite": "^5.4.10",
        "vite-plugin-vue-devtools": "^7.5.4",
        "vue-tsc": "^2.1.10"
      }
    },
    "../../node_modules/.pnpm/@tsconfig+node22@22.0.0/node_modules/@tsconfig/node22": {
      "version": "22.0.0",
      "dev": true,
      "license": "MIT"
    },
    "../../node_modules/.pnpm/@types+node@22.9.3/node_modules/@types/node": {
      "version": "22.9.3",
      "dev": true,
      "license": "MIT",
      "dependencies": {
        "undici-types": "~6.19.8"
      }
    },
    "../../node_modules/.pnpm/@vant+auto-import-resolver@1.2.1/node_modules/@vant/auto-import-resolver": {
      "version": "1.2.1",
      "license": "MIT",
      "devDependencies": {
        "rimraf": "^5.0.7",
        "typescript": "^5.4.5"
      }
    },
    "../../node_modules/.pnpm/@vitejs+plugin-vue-jsx@4.1.0_vite@5.4.11_vue@3.5.13/node_modules/@vitejs/plugin-vue-jsx": {
      "version": "4.1.0",
      "dev": true,
      "license": "MIT",
      "dependencies": {
        "@babel/core": "^7.26.0",
        "@babel/plugin-transform-typescript": "^7.25.9",
        "@vue/babel-plugin-jsx": "^1.2.5"
      },
      "devDependencies": {
        "vite": "^6.0.0-beta.9"
      },
      "engines": {
        "node": "^18.0.0 || >=20.0.0"
      },
      "peerDependencies": {
        "vite": "^5.0.0",
        "vue": "^3.0.0"
      }
    },
    "../../node_modules/.pnpm/@vitejs+plugin-vue@5.2.0_vite@5.4.11_vue@3.5.13/node_modules/@vitejs/plugin-vue": {
      "version": "5.2.0",
      "dev": true,
      "license": "MIT",
      "devDependencies": {
        "@jridgewell/gen-mapping": "^0.3.5",
        "@jridgewell/trace-mapping": "^0.3.25",
        "debug": "^4.3.7",
        "rollup": "^4.25.0",
        "slash": "^5.1.0",
        "source-map-js": "^1.2.1",
        "vite": "^6.0.0-beta.9",
        "vue": "^3.5.12"
      },
      "engines": {
        "node": "^18.0.0 || >=20.0.0"
      },
      "peerDependencies": {
        "vite": "^5.0.0",
        "vue": "^3.2.25"
      }
    },
    "../../node_modules/.pnpm/@vue+eslint-config-prettier@10.1.0_eslint@9.15.0_prettier@3.3.3/node_modules/@vue/eslint-config-prettier": {
      "version": "10.1.0",
      "dev": true,
      "license": "MIT",
      "dependencies": {
        "eslint-config-prettier": "^9.1.0",
        "eslint-plugin-prettier": "^5.2.1"
      },
      "devDependencies": {
        "eslint": "^9.11.0",
        "prettier": "^3.3.3",
        "typescript": "^5.6.3"
      },
      "peerDependencies": {
        "eslint": ">= 8.21.0",
        "prettier": ">= 3.0.0"
      }
    },
    "../../node_modules/.pnpm/@vue+eslint-config-typescript@14.1.3_@typescript-eslint+parser@8.15.0_eslint-plugin-vue@9.31._zsquvx6nkn3fcxygtueoy2f5pu/node_modules/@vue/eslint-config-typescript": {
      "version": "14.1.3",
      "dev": true,
      "license": "MIT",
      "dependencies": {
        "@typescript-eslint/eslint-plugin": "^8.8.1",
        "fast-glob": "^3.3.2",
        "typescript-eslint": "^8.8.1",
        "vue-eslint-parser": "^9.4.3"
      },
      "devDependencies": {
        "@tsconfig/node20": "^20.1.4",
        "@types/node": "^22.7.5",
        "eslint": "^9.12.0",
        "eslint-plugin-vue": "^9.29.0",
        "execa": "^9.4.0",
        "pkgroll": "^2.5.0",
        "prettier": "^3.3.3",
        "tsx": "^4.19.1",
        "typescript": "~5.5.4",
        "vitest": "^2.1.2",
        "vue": "^3.5.12"
      },
      "engines": {
        "node": "^18.18.0 || ^20.9.0 || >=21.1.0"
      },
      "peerDependencies": {
        "eslint": "^9.10.0",
        "eslint-plugin-vue": "^9.28.0",
        "typescript": ">=4.8.4"
      },
      "peerDependenciesMeta": {
        "typescript": {
          "optional": true
        }
      }
    },
    "../../node_modules/.pnpm/@vue+tsconfig@0.5.1/node_modules/@vue/tsconfig": {
      "version": "0.5.1",
      "dev": true,
      "license": "MIT"
    },
    "../../node_modules/.pnpm/eslint-plugin-vue@9.31.0_eslint@9.15.0/node_modules/eslint-plugin-vue": {
      "version": "9.31.0",
      "dev": true,
      "license": "MIT",
      "dependencies": {
        "@eslint-community/eslint-utils": "^4.4.0",
        "globals": "^13.24.0",
        "natural-compare": "^1.4.0",
        "nth-check": "^2.1.1",
        "postcss-selector-parser": "^6.0.15",
        "semver": "^7.6.3",
        "vue-eslint-parser": "^9.4.3",
        "xml-name-validator": "^4.0.0"
      },
      "devDependencies": {
        "@ota-meshi/site-kit-eslint-editor-vue": "^0.2.4",
        "@stylistic/eslint-plugin": "^2.9.0",
        "@types/eslint": "^8.56.2",
        "@types/eslint-visitor-keys": "^3.3.2",
        "@types/natural-compare": "^1.4.3",
        "@types/node": "^14.18.63",
        "@types/semver": "^7.5.8",
        "@types/xml-name-validator": "^4.0.3",
        "@typescript-eslint/parser": "^7.18.0",
        "@typescript-eslint/types": "^7.18.0",
        "assert": "^2.1.0",
        "env-cmd": "^10.1.0",
        "esbuild": "^0.24.0",
        "eslint": "^8.57.0",
        "eslint-config-prettier": "^9.1.0",
        "eslint-plugin-eslint-plugin": "~6.3.1",
        "eslint-plugin-import": "^2.31.0",
        "eslint-plugin-jsonc": "^2.16.0",
        "eslint-plugin-node-dependencies": "^0.12.0",
        "eslint-plugin-prettier": "^5.2.1",
        "eslint-plugin-unicorn": "^56.0.0",
        "eslint-plugin-vue": "file:.",
        "espree": "^9.6.1",
        "events": "^3.3.0",
        "markdownlint-cli": "^0.42.0",
        "mocha": "^10.7.3",
        "nyc": "^17.1.0",
        "pathe": "^1.1.2",
        "prettier": "^3.3.3",
        "typescript": "^5.6.3",
        "vitepress": "^1.4.1"
      },
      "engines": {
        "node": "^14.17.0 || >=16.0.0"
      },
      "peerDependencies": {
        "eslint": "^6.2.0 || ^7.0.0 || ^8.0.0 || ^9.0.0"
      }
    },
    "../../node_modules/.pnpm/eslint@9.15.0/node_modules/eslint": {
      "version": "9.15.0",
      "dev": true,
      "license": "MIT",
      "dependencies": {
        "@eslint-community/eslint-utils": "^4.2.0",
        "@eslint-community/regexpp": "^4.12.1",
        "@eslint/config-array": "^0.19.0",
        "@eslint/core": "^0.9.0",
        "@eslint/eslintrc": "^3.2.0",
        "@eslint/js": "9.15.0",
        "@eslint/plugin-kit": "^0.2.3",
        "@humanfs/node": "^0.16.6",
        "@humanwhocodes/module-importer": "^1.0.1",
        "@humanwhocodes/retry": "^0.4.1",
        "@types/estree": "^1.0.6",
        "@types/json-schema": "^7.0.15",
        "ajv": "^6.12.4",
        "chalk": "^4.0.0",
        "cross-spawn": "^7.0.5",
        "debug": "^4.3.2",
        "escape-string-regexp": "^4.0.0",
        "eslint-scope": "^8.2.0",
        "eslint-visitor-keys": "^4.2.0",
        "espree": "^10.3.0",
        "esquery": "^1.5.0",
        "esutils": "^2.0.2",
        "fast-deep-equal": "^3.1.3",
        "file-entry-cache": "^8.0.0",
        "find-up": "^5.0.0",
        "glob-parent": "^6.0.2",
        "ignore": "^5.2.0",
        "imurmurhash": "^0.1.4",
        "is-glob": "^4.0.0",
        "json-stable-stringify-without-jsonify": "^1.0.1",
        "lodash.merge": "^4.6.2",
        "minimatch": "^3.1.2",
        "natural-compare": "^1.4.0",
        "optionator": "^0.9.3"
      },
      "bin": {
        "eslint": "bin/eslint.js"
      },
      "devDependencies": {
        "@arethetypeswrong/cli": "^0.16.4",
        "@babel/core": "^7.4.3",
        "@babel/preset-env": "^7.4.3",
        "@eslint/json": "^0.6.0",
        "@trunkio/launcher": "^1.3.0",
        "@types/node": "^20.11.5",
        "@typescript-eslint/parser": "^8.4.0",
        "@wdio/browser-runner": "^9.2.4",
        "@wdio/cli": "^9.2.4",
        "@wdio/concise-reporter": "^9.2.2",
        "@wdio/mocha-framework": "^9.2.2",
        "babel-loader": "^8.0.5",
        "c8": "^7.12.0",
        "chai": "^4.0.1",
        "cheerio": "^0.22.0",
        "common-tags": "^1.8.0",
        "core-js": "^3.1.3",
        "ejs": "^3.0.2",
        "eslint": "file:.",
        "eslint-config-eslint": "file:packages/eslint-config-eslint",
        "eslint-plugin-eslint-plugin": "^6.0.0",
        "eslint-plugin-expect-type": "^0.4.0",
        "eslint-plugin-yml": "^1.14.0",
        "eslint-release": "^3.3.0",
        "eslint-rule-composer": "^0.3.0",
        "eslump": "^3.0.0",
        "esprima": "^4.0.1",
        "fast-glob": "^3.2.11",
        "fs-teardown": "^0.1.3",
        "glob": "^10.0.0",
        "globals": "^15.0.0",
        "got": "^11.8.3",
        "gray-matter": "^4.0.3",
        "jiti": "^2.1.0",
        "knip": "^5.32.0",
        "lint-staged": "^11.0.0",
        "load-perf": "^0.2.0",
        "markdown-it": "^12.2.0",
        "markdown-it-container": "^3.0.0",
        "marked": "^4.0.8",
        "metascraper": "^5.25.7",
        "metascraper-description": "^5.25.7",
        "metascraper-image": "^5.29.3",
        "metascraper-logo": "^5.25.7",
        "metascraper-logo-favicon": "^5.25.7",
        "metascraper-title": "^5.25.7",
        "mocha": "^10.7.3",
        "node-polyfill-webpack-plugin": "^1.0.3",
        "npm-license": "^0.3.3",
        "pirates": "^4.0.5",
        "progress": "^2.0.3",
        "proxyquire": "^2.0.1",
        "recast": "^0.23.0",
        "regenerator-runtime": "^0.14.0",
        "rollup-plugin-node-polyfills": "^0.2.1",
        "semver": "^7.5.3",
        "shelljs": "^0.8.5",
        "sinon": "^11.0.0",
        "typescript": "^5.3.3",
        "vite-plugin-commonjs": "^0.10.0",
        "webpack": "^5.23.0",
        "webpack-cli": "^4.5.0",
        "yorkie": "^2.0.0"
      },
      "engines": {
        "node": "^18.18.0 || ^20.9.0 || >=21.1.0"
      },
      "funding": {
        "url": "https://eslint.org/donate"
      },
      "peerDependencies": {
        "jiti": "*"
      },
      "peerDependenciesMeta": {
        "jiti": {
          "optional": true
        }
      }
    },
    "../../node_modules/.pnpm/less@4.2.0/node_modules/less": {
      "version": "4.2.0",
      "license": "Apache-2.0",
      "dependencies": {
        "copy-anything": "^2.0.1",
        "parse-node-version": "^1.0.1",
        "tslib": "^2.3.0"
      },
      "bin": {
        "lessc": "bin/lessc"
      },
      "devDependencies": {
        "@less/test-data": "^4.2.0",
        "@less/test-import-module": "^4.0.0",
        "@rollup/plugin-commonjs": "^17.0.0",
        "@rollup/plugin-json": "^4.1.0",
        "@rollup/plugin-node-resolve": "^11.0.0",
        "@typescript-eslint/eslint-plugin": "^4.28.0",
        "@typescript-eslint/parser": "^4.28.0",
        "benny": "^3.6.12",
        "bootstrap-less-port": "0.3.0",
        "chai": "^4.2.0",
        "cross-env": "^7.0.3",
        "diff": "^3.2.0",
        "eslint": "^7.29.0",
        "fs-extra": "^8.1.0",
        "git-rev": "^0.2.1",
        "globby": "^10.0.1",
        "grunt": "^1.0.4",
        "grunt-cli": "^1.3.2",
        "grunt-contrib-clean": "^1.0.0",
        "grunt-contrib-connect": "^1.0.2",
        "grunt-eslint": "^23.0.0",
        "grunt-saucelabs": "^9.0.1",
        "grunt-shell": "^1.3.0",
        "html-template-tag": "^3.2.0",
        "jit-grunt": "^0.10.0",
        "less-plugin-autoprefix": "^1.5.1",
        "less-plugin-clean-css": "^1.5.1",
        "minimist": "^1.2.0",
        "mocha": "^6.2.1",
        "mocha-headless-chrome": "^4.0.0",
        "mocha-teamcity-reporter": "^3.0.0",
        "nock": "^11.8.2",
        "npm-run-all": "^4.1.5",
        "performance-now": "^0.2.0",
        "phin": "^2.2.3",
        "promise": "^7.1.1",
        "read-glob": "^3.0.0",
        "resolve": "^1.17.0",
        "rollup": "^2.52.2",
        "rollup-plugin-terser": "^5.1.1",
        "rollup-plugin-typescript2": "^0.29.0",
        "semver": "^6.3.0",
        "shx": "^0.3.2",
        "time-grunt": "^1.3.0",
        "ts-node": "^9.1.1",
        "typescript": "^4.3.4",
        "uikit": "2.27.4"
      },
      "engines": {
        "node": ">=6"
      },
      "optionalDependencies": {
        "errno": "^0.1.1",
        "graceful-fs": "^4.1.2",
        "image-size": "~0.5.0",
        "make-dir": "^2.1.0",
        "mime": "^1.4.1",
        "needle": "^3.1.0",
        "source-map": "~0.6.0"
      }
    },
    "../../node_modules/.pnpm/npm-run-all2@7.0.1/node_modules/npm-run-all2": {
      "version": "7.0.1",
      "dev": true,
      "license": "MIT",
      "dependencies": {
        "ansi-styles": "^6.2.1",
        "cross-spawn": "^7.0.3",
        "memorystream": "^0.3.1",
        "minimatch": "^9.0.0",
        "pidtree": "^0.6.0",
        "read-package-json-fast": "^4.0.0",
        "shell-quote": "^1.7.3",
        "which": "^5.0.0"
      },
      "bin": {
        "npm-run-all": "bin/npm-run-all/index.js",
        "npm-run-all2": "bin/npm-run-all/index.js",
        "run-p": "bin/run-p/index.js",
        "run-s": "bin/run-s/index.js"
      },
      "devDependencies": {
        "auto-changelog": "^2.2.0",
        "c8": "^10.0.0",
        "eslint": "^9.6.0",
        "gh-release": "^7.0.0",
        "installed-check": "^9.3.0",
        "jsdoc": "^4.0.0",
        "knip": "^5.23.3",
        "mocha": "^10.0.0",
        "neostandard": "^0.11.0",
        "yarn": "^1.12.3"
      },
      "engines": {
        "node": "^18.17.0 || >=20.5.0",
        "npm": ">= 9"
      }
    },
    "../../node_modules/.pnpm/pinia@2.2.6_typescript@5.6.3_vue@3.5.13/node_modules/pinia": {
      "version": "2.2.6",
      "license": "MIT",
      "dependencies": {
        "@vue/devtools-api": "^6.6.3",
        "vue-demi": "^0.14.10"
      },
      "devDependencies": {
        "@microsoft/api-extractor": "7.47.11",
        "@vue/test-utils": "^2.4.6"
      },
      "funding": {
        "url": "https://github.com/sponsors/posva"
      },
      "peerDependencies": {
        "@vue/composition-api": "^1.4.0",
        "typescript": ">=4.4.4",
        "vue": "^2.6.14 || ^3.5.11"
      },
      "peerDependenciesMeta": {
        "@vue/composition-api": {
          "optional": true
        },
        "typescript": {
          "optional": true
        }
      }
    },
    "../../node_modules/.pnpm/prettier@3.3.3/node_modules/prettier": {
      "version": "3.3.3",
      "dev": true,
      "license": "MIT",
      "bin": {
        "prettier": "bin/prettier.cjs"
      },
      "engines": {
        "node": ">=14"
      },
      "funding": {
        "url": "https://github.com/prettier/prettier?sponsor=1"
      }
    },
    "../../node_modules/.pnpm/typescript@5.6.3/node_modules/typescript": {
      "version": "5.6.3",
      "dev": true,
      "license": "Apache-2.0",
      "bin": {
        "tsc": "bin/tsc",
        "tsserver": "bin/tsserver"
      },
      "devDependencies": {
        "@dprint/formatter": "^0.4.1",
        "@dprint/typescript": "0.91.6",
        "@esfx/canceltoken": "^1.0.0",
        "@eslint/js": "^9.9.0",
        "@octokit/rest": "^21.0.1",
        "@types/chai": "^4.3.17",
        "@types/diff": "^5.2.1",
        "@types/minimist": "^1.2.5",
        "@types/mocha": "^10.0.7",
        "@types/ms": "^0.7.34",
        "@types/node": "latest",
        "@types/source-map-support": "^0.5.10",
        "@types/which": "^3.0.4",
        "@typescript-eslint/rule-tester": "^8.1.0",
        "@typescript-eslint/type-utils": "^8.1.0",
        "@typescript-eslint/utils": "^8.1.0",
        "azure-devops-node-api": "^14.0.2",
        "c8": "^10.1.2",
        "chai": "^4.5.0",
        "chalk": "^4.1.2",
        "chokidar": "^3.6.0",
        "diff": "^5.2.0",
        "dprint": "^0.47.2",
        "esbuild": "^0.23.0",
        "eslint": "^9.9.0",
        "eslint-formatter-autolinkable-stylish": "^1.4.0",
        "eslint-plugin-regexp": "^2.6.0",
        "fast-xml-parser": "^4.4.1",
        "glob": "^10.4.5",
        "globals": "^15.9.0",
        "hereby": "^1.9.0",
        "jsonc-parser": "^3.3.1",
        "knip": "^5.27.2",
        "minimist": "^1.2.8",
        "mocha": "^10.7.3",
        "mocha-fivemat-progress-reporter": "^0.1.0",
        "monocart-coverage-reports": "^2.10.2",
        "ms": "^2.1.3",
        "node-fetch": "^3.3.2",
        "playwright": "^1.46.0",
        "source-map-support": "^0.5.21",
        "tslib": "^2.6.3",
        "typescript": "^5.5.4",
        "typescript-eslint": "^8.1.0",
        "which": "^3.0.1"
      },
      "engines": {
        "node": ">=14.17"
      }
    },
    "../../node_modules/.pnpm/unplugin-auto-import@0.18.5/node_modules/unplugin-auto-import": {
      "version": "0.18.5",
      "license": "MIT",
      "dependencies": {
        "@antfu/utils": "^0.7.10",
        "@rollup/pluginutils": "^5.1.3",
        "fast-glob": "^3.3.2",
        "local-pkg": "^0.5.0",
        "magic-string": "^0.30.13",
        "minimatch": "^9.0.5",
        "unimport": "^3.13.2",
        "unplugin": "^1.16.0"
      },
      "devDependencies": {
        "@antfu/eslint-config": "^3.9.1",
        "@antfu/ni": "^0.23.0",
        "@nuxt/kit": "^3.14.159",
        "@svgr/plugin-jsx": "^8.1.0",
        "@types/node": "^22.9.0",
        "@types/resolve": "^1.20.6",
        "@vueuse/metadata": "^11.2.0",
        "bumpp": "^9.8.1",
        "eslint": "^9.15.0",
        "esno": "^4.8.0",
        "publint": "^0.2.12",
        "rollup": "^4.27.3",
        "tsup": "^8.3.5",
        "typescript": "^5.6.3",
        "vite": "^5.4.11",
        "vitest": "^2.1.5",
        "webpack": "^5.96.1"
      },
      "engines": {
        "node": ">=14"
      },
      "funding": {
        "url": "https://github.com/sponsors/antfu"
      },
      "peerDependencies": {
        "@nuxt/kit": "^3.2.2",
        "@vueuse/core": "*"
      },
      "peerDependenciesMeta": {
        "@nuxt/kit": {
          "optional": true
        },
        "@vueuse/core": {
          "optional": true
        }
      }
    },
    "../../node_modules/.pnpm/unplugin-vue-components@0.27.4_vue@3.5.13/node_modules/unplugin-vue-components": {
      "version": "0.27.4",
      "license": "MIT",
      "dependencies": {
        "@antfu/utils": "^0.7.10",
        "@rollup/pluginutils": "^5.1.0",
        "chokidar": "^3.6.0",
        "debug": "^4.3.6",
        "fast-glob": "^3.3.2",
        "local-pkg": "^0.5.0",
        "magic-string": "^0.30.11",
        "minimatch": "^9.0.5",
        "mlly": "^1.7.1",
        "unplugin": "^1.12.1"
      },
      "devDependencies": {
        "@antfu/eslint-config": "^2.25.1",
        "@babel/parser": "^7.25.3",
        "@babel/types": "^7.25.2",
        "@nuxt/kit": "^3.12.4",
        "@types/debug": "^4.1.12",
        "@types/minimatch": "^5.1.2",
        "@types/node": "^20.14.15",
        "bumpp": "^9.5.1",
        "compare-versions": "^6.1.1",
        "element-plus": "^2.8.0",
        "eslint": "^9.9.0",
        "eslint-plugin-format": "^0.1.2",
        "esno": "^4.7.0",
        "estree-walker": "^3.0.3",
        "pathe": "^1.1.2",
        "rollup": "^4.20.0",
        "tsup": "^8.2.4",
        "typescript": "^5.5.4",
        "vite": "^5.4.0",
        "vitest": "^2.0.5",
        "vue": "3.2.45"
      },
      "engines": {
        "node": ">=14"
      },
      "funding": {
        "url": "https://github.com/sponsors/antfu"
      },
      "peerDependencies": {
        "@babel/parser": "^7.15.8",
        "@nuxt/kit": "^3.2.2",
        "vue": "2 || 3"
      },
      "peerDependenciesMeta": {
        "@babel/parser": {
          "optional": true
        },
        "@nuxt/kit": {
          "optional": true
        }
      }
    },
    "../../node_modules/.pnpm/vant@4.9.9_vue@3.5.13/node_modules/vant": {
      "version": "4.9.9",
      "license": "MIT",
      "dependencies": {
        "@vant/popperjs": "^1.3.0",
        "@vant/use": "^1.6.0",
        "@vue/shared": "^3.5.12"
      },
      "devDependencies": {
        "@types/node": "^22.9.0",
        "@vant/area-data": "2.0.0",
        "@vant/cli": "7.1.0",
        "@vant/eslint-config": "4.0.0",
        "@vant/icons": "3.0.2",
        "@vitejs/plugin-vue": "^5.2.0",
        "@vitejs/plugin-vue-jsx": "^4.1.0",
        "@vitest/coverage-istanbul": "^2.1.5",
        "@vue/runtime-core": "^3.5.12",
        "@vue/test-utils": "^2.4.6",
        "csstype": "^3.1.3",
        "diffable-html": "^5.0.0",
        "jsdom": "^25.0.1",
        "typescript": "^5.6.3",
        "vite": "^5.4.11",
        "vitest": "^2.1.5",
        "vitest-canvas-mock": "^0.3.3",
        "vue": "^3.5.12",
        "vue-router": "^4.4.5"
      },
      "peerDependencies": {
        "vue": "^3.0.0"
      }
    },
    "../../node_modules/.pnpm/vite-plugin-vue-devtools@7.6.4_vite@5.4.11_vue@3.5.13/node_modules/vite-plugin-vue-devtools": {
      "version": "7.6.4",
      "dev": true,
      "license": "MIT",
      "dependencies": {
        "@vue/devtools-core": "^7.6.4",
        "@vue/devtools-kit": "^7.6.4",
        "@vue/devtools-shared": "^7.6.4",
        "execa": "^8.0.1",
        "sirv": "^3.0.0",
        "vite-plugin-inspect": "^0.8.7",
        "vite-plugin-vue-inspector": "^5.2.0"
      },
      "devDependencies": {
        "@types/node": "^22.9.0",
        "fast-glob": "^3.3.2",
        "image-meta": "^0.2.1",
        "pathe": "^1.1.2"
      },
      "engines": {
        "node": ">=v14.21.3"
      },
      "peerDependencies": {
        "vite": "^3.1.0 || ^4.0.0-0 || ^5.0.0-0"
      }
    },
    "../../node_modules/.pnpm/vite@5.4.11_@types+node@22.9.3_less@4.2.0/node_modules/vite": {
      "version": "5.4.11",
      "dev": true,
      "license": "MIT",
      "dependencies": {
        "esbuild": "^0.21.3",
        "postcss": "^8.4.43",
        "rollup": "^4.20.0"
      },
      "bin": {
        "vite": "bin/vite.js"
      },
      "devDependencies": {
        "@ampproject/remapping": "^2.3.0",
        "@babel/parser": "^7.25.6",
        "@jridgewell/trace-mapping": "^0.3.25",
        "@polka/compression": "^1.0.0-next.25",
        "@rollup/plugin-alias": "^5.1.0",
        "@rollup/plugin-commonjs": "^26.0.1",
        "@rollup/plugin-dynamic-import-vars": "^2.1.2",
        "@rollup/plugin-json": "^6.1.0",
        "@rollup/plugin-node-resolve": "15.2.3",
        "@rollup/pluginutils": "^5.1.0",
        "@types/escape-html": "^1.0.4",
        "@types/pnpapi": "^0.0.5",
        "artichokie": "^0.2.1",
        "cac": "^6.7.14",
        "chokidar": "^3.6.0",
        "connect": "^3.7.0",
        "convert-source-map": "^2.0.0",
        "cors": "^2.8.5",
        "cross-spawn": "^7.0.3",
        "debug": "^4.3.6",
        "dep-types": "link:./src/types",
        "dotenv": "^16.4.5",
        "dotenv-expand": "^11.0.6",
        "es-module-lexer": "^1.5.4",
        "escape-html": "^1.0.3",
        "estree-walker": "^3.0.3",
        "etag": "^1.8.1",
        "fast-glob": "^3.3.2",
        "http-proxy": "^1.18.1",
        "launch-editor-middleware": "^2.9.1",
        "lightningcss": "^1.26.0",
        "magic-string": "^0.30.11",
        "micromatch": "^4.0.8",
        "mlly": "^1.7.1",
        "mrmime": "^2.0.0",
        "open": "^8.4.2",
        "parse5": "^7.1.2",
        "pathe": "^1.1.2",
        "periscopic": "^4.0.2",
        "picocolors": "^1.0.1",
        "picomatch": "^2.3.1",
        "postcss-import": "^16.1.0",
        "postcss-load-config": "^4.0.2",
        "postcss-modules": "^6.0.0",
        "resolve.exports": "^2.0.2",
        "rollup-plugin-dts": "^6.1.1",
        "rollup-plugin-esbuild": "^6.1.1",
        "rollup-plugin-license": "^3.5.2",
        "sass": "^1.77.8",
        "sass-embedded": "^1.77.8",
        "sirv": "^2.0.4",
        "source-map-support": "^0.5.21",
        "strip-ansi": "^7.1.0",
        "strip-literal": "^2.1.0",
        "tsconfck": "^3.1.4",
        "tslib": "^2.7.0",
        "types": "link:./types",
        "ufo": "^1.5.4",
        "ws": "^8.18.0"
      },
      "engines": {
        "node": "^18.0.0 || >=20.0.0"
      },
      "funding": {
        "url": "https://github.com/vitejs/vite?sponsor=1"
      },
      "optionalDependencies": {
        "fsevents": "~2.3.3"
      },
      "peerDependencies": {
        "@types/node": "^18.0.0 || >=20.0.0",
        "less": "*",
        "lightningcss": "^1.21.0",
        "sass": "*",
        "sass-embedded": "*",
        "stylus": "*",
        "sugarss": "*",
        "terser": "^5.4.0"
      },
      "peerDependenciesMeta": {
        "@types/node": {
          "optional": true
        },
        "less": {
          "optional": true
        },
        "lightningcss": {
          "optional": true
        },
        "sass": {
          "optional": true
        },
        "sass-embedded": {
          "optional": true
        },
        "stylus": {
          "optional": true
        },
        "sugarss": {
          "optional": true
        },
        "terser": {
          "optional": true
        }
      }
    },
    "../../node_modules/.pnpm/vue-router@4.4.5_vue@3.5.13/node_modules/vue-router": {
      "version": "4.4.5",
      "license": "MIT",
      "dependencies": {
        "@vue/devtools-api": "^6.6.4"
      },
      "devDependencies": {
        "@microsoft/api-extractor": "^7.40.1",
        "@rollup/plugin-alias": "^5.1.0",
        "@rollup/plugin-commonjs": "^25.0.8",
        "@rollup/plugin-node-resolve": "^15.2.3",
        "@rollup/plugin-replace": "^5.0.7",
        "@rollup/plugin-terser": "^0.4.4",
        "@types/jsdom": "^21.1.7",
        "@types/nightwatch": "^2.3.31",
        "@vitejs/plugin-vue": "^5.1.3",
        "@vitest/coverage-v8": "^1.6.0",
        "@vitest/ui": "^1.6.0",
        "@vue/compiler-sfc": "~3.4.3",
        "@vue/server-renderer": "~3.4.3",
        "@vue/test-utils": "^2.4.6",
        "browserstack-local": "^1.5.5",
        "chromedriver": "^128.0.1",
        "connect-history-api-fallback": "^1.6.0",
        "conventional-changelog-cli": "^2.2.2",
        "dotenv": "^16.4.5",
        "faked-promise": "^2.2.2",
        "geckodriver": "^4.4.4",
        "happy-dom": "^15.7.3",
        "nightwatch": "^2.6.25",
        "nightwatch-helpers": "^1.2.0",
        "rimraf": "^6.0.1",
        "rollup": "^3.29.4",
        "rollup-plugin-analyzer": "^4.0.0",
        "rollup-plugin-typescript2": "^0.36.0",
        "typescript": "~5.3.3",
        "vite": "^5.4.3",
        "vitest": "^1.6.0",
        "vue": "~3.4.3"
      },
      "funding": {
        "url": "https://github.com/sponsors/posva"
      },
      "peerDependencies": {
        "vue": "^3.2.0"
      }
    },
    "../../node_modules/.pnpm/vue-tsc@2.1.10_typescript@5.6.3/node_modules/vue-tsc": {
      "version": "2.1.10",
      "dev": true,
      "license": "MIT",
      "dependencies": {
        "@volar/typescript": "~2.4.8",
        "@vue/language-core": "2.1.10",
        "semver": "^7.5.4"
      },
      "bin": {
        "vue-tsc": "bin/vue-tsc.js"
      },
      "devDependencies": {
        "@types/node": "latest"
      },
      "peerDependencies": {
        "typescript": ">=5.0.0"
      }
    },
    "../../node_modules/.pnpm/vue@3.5.13_typescript@5.6.3/node_modules/vue": {
      "version": "3.5.13",
      "license": "MIT",
      "dependencies": {
        "@vue/compiler-dom": "3.5.13",
        "@vue/compiler-sfc": "3.5.13",
        "@vue/runtime-dom": "3.5.13",
        "@vue/server-renderer": "3.5.13",
        "@vue/shared": "3.5.13"
      },
      "peerDependencies": {
        "typescript": "*"
      },
      "peerDependenciesMeta": {
        "typescript": {
          "optional": true
        }
      }
    },
    "node_modules/@tsconfig/node22": {
      "resolved": "../../node_modules/.pnpm/@tsconfig+node22@22.0.0/node_modules/@tsconfig/node22",
      "link": true
    },
    "node_modules/@types/less": {
      "version": "3.0.7",
      "resolved": "https://registry.npmmirror.com/@types/less/-/less-3.0.7.tgz",
      "integrity": "sha512-+SD1DrM8EwJsilPFSR1IMMGWOTg5sO1waewoJ1k3BHCvU07zQThy8t2wTfxvHz//R0uK3koAUl9WbWwal0H+YA==",
      "dev": true
    },
    "node_modules/@types/node": {
      "resolved": "../../node_modules/.pnpm/@types+node@22.9.3/node_modules/@types/node",
      "link": true
    },
    "node_modules/@vant/auto-import-resolver": {
      "resolved": "../../node_modules/.pnpm/@vant+auto-import-resolver@1.2.1/node_modules/@vant/auto-import-resolver",
      "link": true
    },
    "node_modules/@vitejs/plugin-vue": {
      "resolved": "../../node_modules/.pnpm/@vitejs+plugin-vue@5.2.0_vite@5.4.11_vue@3.5.13/node_modules/@vitejs/plugin-vue",
      "link": true
    },
    "node_modules/@vitejs/plugin-vue-jsx": {
      "resolved": "../../node_modules/.pnpm/@vitejs+plugin-vue-jsx@4.1.0_vite@5.4.11_vue@3.5.13/node_modules/@vitejs/plugin-vue-jsx",
      "link": true
    },
    "node_modules/@vue/eslint-config-prettier": {
      "resolved": "../../node_modules/.pnpm/@vue+eslint-config-prettier@10.1.0_eslint@9.15.0_prettier@3.3.3/node_modules/@vue/eslint-config-prettier",
      "link": true
    },
    "node_modules/@vue/eslint-config-typescript": {
      "resolved": "../../node_modules/.pnpm/@vue+eslint-config-typescript@14.1.3_@typescript-eslint+parser@8.15.0_eslint-plugin-vue@9.31._zsquvx6nkn3fcxygtueoy2f5pu/node_modules/@vue/eslint-config-typescript",
      "link": true
    },
    "node_modules/@vue/tsconfig": {
      "resolved": "../../node_modules/.pnpm/@vue+tsconfig@0.5.1/node_modules/@vue/tsconfig",
      "link": true
    },
    "node_modules/eslint": {
      "resolved": "../../node_modules/.pnpm/eslint@9.15.0/node_modules/eslint",
      "link": true
    },
    "node_modules/eslint-plugin-vue": {
      "resolved": "../../node_modules/.pnpm/eslint-plugin-vue@9.31.0_eslint@9.15.0/node_modules/eslint-plugin-vue",
      "link": true
    },
    "node_modules/less": {
      "resolved": "../../node_modules/.pnpm/less@4.2.0/node_modules/less",
      "link": true
    },
    "node_modules/npm-run-all2": {
      "resolved": "../../node_modules/.pnpm/npm-run-all2@7.0.1/node_modules/npm-run-all2",
      "link": true
    },
    "node_modules/pinia": {
      "resolved": "../../node_modules/.pnpm/pinia@2.2.6_typescript@5.6.3_vue@3.5.13/node_modules/pinia",
      "link": true
    },
    "node_modules/prettier": {
      "resolved": "../../node_modules/.pnpm/prettier@3.3.3/node_modules/prettier",
      "link": true
    },
    "node_modules/typescript": {
      "resolved": "../../node_modules/.pnpm/typescript@5.6.3/node_modules/typescript",
      "link": true
    },
    "node_modules/unplugin-auto-import": {
      "resolved": "../../node_modules/.pnpm/unplugin-auto-import@0.18.5/node_modules/unplugin-auto-import",
      "link": true
    },
    "node_modules/unplugin-vue-components": {
      "resolved": "../../node_modules/.pnpm/unplugin-vue-components@0.27.4_vue@3.5.13/node_modules/unplugin-vue-components",
      "link": true
    },
    "node_modules/vant": {
      "resolved": "../../node_modules/.pnpm/vant@4.9.9_vue@3.5.13/node_modules/vant",
      "link": true
    },
    "node_modules/vite": {
      "resolved": "../../node_modules/.pnpm/vite@5.4.11_@types+node@22.9.3_less@4.2.0/node_modules/vite",
      "link": true
    },
    "node_modules/vite-plugin-vue-devtools": {
      "resolved": "../../node_modules/.pnpm/vite-plugin-vue-devtools@7.6.4_vite@5.4.11_vue@3.5.13/node_modules/vite-plugin-vue-devtools",
      "link": true
    },
    "node_modules/vue": {
      "resolved": "../../node_modules/.pnpm/vue@3.5.13_typescript@5.6.3/node_modules/vue",
      "link": true
    },
    "node_modules/vue-router": {
      "resolved": "../../node_modules/.pnpm/vue-router@4.4.5_vue@3.5.13/node_modules/vue-router",
      "link": true
    },
    "node_modules/vue-tsc": {
      "resolved": "../../node_modules/.pnpm/vue-tsc@2.1.10_typescript@5.6.3/node_modules/vue-tsc",
      "link": true
    }
  }
}
